// !$*UTF8*$!
{
	archiveVersion = 1;
	classes = {
	};
	objectVersion = 50;
	objects = {

/* Begin PBXBuildFile section */
		6EB379F225882EAC0001DE4F /* AppDelegate.swift in Sources */ = {isa = PBXBuildFile; fileRef = 6EB379F125882EAC0001DE4F /* AppDelegate.swift */; };
		6EB379F425882EAC0001DE4F /* SceneDelegate.swift in Sources */ = {isa = PBXBuildFile; fileRef = 6EB379F325882EAC0001DE4F /* SceneDelegate.swift */; };
		6EB379F625882EAC0001DE4F /* ViewController.swift in Sources */ = {isa = PBXBuildFile; fileRef = 6EB379F525882EAC0001DE4F /* ViewController.swift */; };
		6EB379F925882EAC0001DE4F /* Main.storyboard in Resources */ = {isa = PBXBuildFile; fileRef = 6EB379F725882EAC0001DE4F /* Main.storyboard */; };
		6EB379FC25882EAC0001DE4F /* Enroute.xcdatamodeld in Sources */ = {isa = PBXBuildFile; fileRef = 6EB379FA25882EAC0001DE4F /* Enroute.xcdatamodeld */; };
		6EB379FE25882EAE0001DE4F /* Assets.xcassets in Resources */ = {isa = PBXBuildFile; fileRef = 6EB379FD25882EAE0001DE4F /* Assets.xcassets */; };
		6EB37A0125882EAE0001DE4F /* LaunchScreen.storyboard in Resources */ = {isa = PBXBuildFile; fileRef = 6EB379FF25882EAE0001DE4F /* LaunchScreen.storyboard */; };
		6EB37A0C25882EAF0001DE4F /* EnrouteTests.swift in Sources */ = {isa = PBXBuildFile; fileRef = 6EB37A0B25882EAF0001DE4F /* EnrouteTests.swift */; };
		6EB37A1725882EAF0001DE4F /* EnrouteUITests.swift in Sources */ = {isa = PBXBuildFile; fileRef = 6EB37A1625882EAF0001DE4F /* EnrouteUITests.swift */; };
		6EB37A2825882F520001DE4F /* FlightsEnrouteView.swift in Sources */ = {isa = PBXBuildFile; fileRef = 6EB37A2725882F520001DE4F /* FlightsEnrouteView.swift */; };
/* End PBXBuildFile section */

/* Begin PBXContainerItemProxy section */
		6EB37A0825882EAF0001DE4F /* PBXContainerItemProxy */ = {
			isa = PBXContainerItemProxy;
			containerPortal = 6EB379E625882EAC0001DE4F /* Project object */;
			proxyType = 1;
			remoteGlobalIDString = 6EB379ED25882EAC0001DE4F;
			remoteInfo = Enroute;
		};
		6EB37A1325882EAF0001DE4F /* PBXContainerItemProxy */ = {
			isa = PBXContainerItemProxy;
			containerPortal = 6EB379E625882EAC0001DE4F /* Project object */;
			proxyType = 1;
			remoteGlobalIDString = 6EB379ED25882EAC0001DE4F;
			remoteInfo = Enroute;
		};
/* End PBXContainerItemProxy section */

/* Begin PBXFileReference section */
		6EB379EE25882EAC0001DE4F /* Enroute.app */ = {isa = PBXFileReference; explicitFileType = wrapper.application; includeInIndex = 0; path = Enroute.app; sourceTree = BUILT_PRODUCTS_DIR; };
		6EB379F125882EAC0001DE4F /* AppDelegate.swift */ = {isa = PBXFileReference; lastKnownFileType = sourcecode.swift; path = AppDelegate.swift; sourceTree = "<group>"; };
		6EB379F325882EAC0001DE4F /* SceneDelegate.swift */ = {isa = PBXFileReference; lastKnownFileType = sourcecode.swift; path = SceneDelegate.swift; sourceTree = "<group>"; };
		6EB379F525882EAC0001DE4F /* ViewController.swift */ = {isa = PBXFileReference; lastKnownFileType = sourcecode.swift; path = ViewController.swift; sourceTree = "<group>"; };
		6EB379F825882EAC0001DE4F /* Base */ = {isa = PBXFileReference; lastKnownFileType = file.storyboard; name = Base; path = Base.lproj/Main.storyboard; sourceTree = "<group>"; };
		6EB379FB25882EAC0001DE4F /* Enroute.xcdatamodel */ = {isa = PBXFileReference; lastKnownFileType = wrapper.xcdatamodel; path = Enroute.xcdatamodel; sourceTree = "<group>"; };
		6EB379FD25882EAE0001DE4F /* Assets.xcassets */ = {isa = PBXFileReference; lastKnownFileType = folder.assetcatalog; path = Assets.xcassets; sourceTree = "<group>"; };
		6EB37A0025882EAE0001DE4F /* Base */ = {isa = PBXFileReference; lastKnownFileType = file.storyboard; name = Base; path = Base.lproj/LaunchScreen.storyboard; sourceTree = "<group>"; };
		6EB37A0225882EAE0001DE4F /* Info.plist */ = {isa = PBXFileReference; lastKnownFileType = text.plist.xml; path = Info.plist; sourceTree = "<group>"; };
		6EB37A0725882EAF0001DE4F /* EnrouteTests.xctest */ = {isa = PBXFileReference; explicitFileType = wrapper.cfbundle; includeInIndex = 0; path = EnrouteTests.xctest; sourceTree = BUILT_PRODUCTS_DIR; };
		6EB37A0B25882EAF0001DE4F /* EnrouteTests.swift */ = {isa = PBXFileReference; lastKnownFileType = sourcecode.swift; path = EnrouteTests.swift; sourceTree = "<group>"; };
		6EB37A0D25882EAF0001DE4F /* Info.plist */ = {isa = PBXFileReference; lastKnownFileType = text.plist.xml; path = Info.plist; sourceTree = "<group>"; };
		6EB37A1225882EAF0001DE4F /* EnrouteUITests.xctest */ = {isa = PBXFileReference; explicitFileType = wrapper.cfbundle; includeInIndex = 0; path = EnrouteUITests.xctest; sourceTree = BUILT_PRODUCTS_DIR; };
		6EB37A1625882EAF0001DE4F /* EnrouteUITests.swift */ = {isa = PBXFileReference; lastKnownFileType = sourcecode.swift; path = EnrouteUITests.swift; sourceTree = "<group>"; };
		6EB37A1825882EAF0001DE4F /* Info.plist */ = {isa = PBXFileReference; lastKnownFileType = text.plist.xml; path = Info.plist; sourceTree = "<group>"; };
		6EB37A2725882F520001DE4F /* FlightsEnrouteView.swift */ = {isa = PBXFileReference; lastKnownFileType = sourcecode.swift; path = FlightsEnrouteView.swift; sourceTree = SOURCE_ROOT; };
/* End PBXFileReference section */

/* Begin PBXFrameworksBuildPhase section */
		6EB379EB25882EAC0001DE4F /* Frameworks */ = {
			isa = PBXFrameworksBuildPhase;
			buildActionMask = 2147483647;
			files = (
			);
			runOnlyForDeploymentPostprocessing = 0;
		};
		6EB37A0425882EAF0001DE4F /* Frameworks */ = {
			isa = PBXFrameworksBuildPhase;
			buildActionMask = 2147483647;
			files = (
			);
			runOnlyForDeploymentPostprocessing = 0;
		};
		6EB37A0F25882EAF0001DE4F /* Frameworks */ = {
			isa = PBXFrameworksBuildPhase;
			buildActionMask = 2147483647;
			files = (
			);
			runOnlyForDeploymentPostprocessing = 0;
		};
/* End PBXFrameworksBuildPhase section */

/* Begin PBXGroup section */
		6EB379E525882EAC0001DE4F = {
			isa = PBXGroup;
			children = (
				6EB379F025882EAC0001DE4F /* Enroute */,
				6EB37A0A25882EAF0001DE4F /* EnrouteTests */,
				6EB37A1525882EAF0001DE4F /* EnrouteUITests */,
				6EB379EF25882EAC0001DE4F /* Products */,
			);
			sourceTree = "<group>";
		};
		6EB379EF25882EAC0001DE4F /* Products */ = {
			isa = PBXGroup;
			children = (
				6EB379EE25882EAC0001DE4F /* Enroute.app */,
				6EB37A0725882EAF0001DE4F /* EnrouteTests.xctest */,
				6EB37A1225882EAF0001DE4F /* EnrouteUITests.xctest */,
			);
			name = Products;
			sourceTree = "<group>";
		};
		6EB379F025882EAC0001DE4F /* Enroute */ = {
			isa = PBXGroup;
			children = (
				6EB37A2725882F520001DE4F /* FlightsEnrouteView.swift */,
				6EB379F125882EAC0001DE4F /* AppDelegate.swift */,
				6EB379F325882EAC0001DE4F /* SceneDelegate.swift */,
				6EB379F525882EAC0001DE4F /* ViewController.swift */,
				6EB379F725882EAC0001DE4F /* Main.storyboard */,
				6EB379FD25882EAE0001DE4F /* Assets.xcassets */,
				6EB379FF25882EAE0001DE4F /* LaunchScreen.storyboard */,
				6EB37A0225882EAE0001DE4F /* Info.plist */,
				6EB379FA25882EAC0001DE4F /* Enroute.xcdatamodeld */,
			);
			path = Enroute;
			sourceTree = "<group>";
		};
		6EB37A0A25882EAF0001DE4F /* EnrouteTests */ = {
			isa = PBXGroup;
			children = (
				6EB37A0B25882EAF0001DE4F /* EnrouteTests.swift */,
				6EB37A0D25882EAF0001DE4F /* Info.plist */,
			);
			path = EnrouteTests;
			sourceTree = "<group>";
		};
		6EB37A1525882EAF0001DE4F /* EnrouteUITests */ = {
			isa = PBXGroup;
			children = (
				6EB37A1625882EAF0001DE4F /* EnrouteUITests.swift */,
				6EB37A1825882EAF0001DE4F /* Info.plist */,
			);
			path = EnrouteUITests;
			sourceTree = "<group>";
		};
/* End PBXGroup section */

/* Begin PBXNativeTarget section */
		6EB379ED25882EAC0001DE4F /* Enroute */ = {
			isa = PBXNativeTarget;
			buildConfigurationList = 6EB37A1B25882EAF0001DE4F /* Build configuration list for PBXNativeTarget "Enroute" */;
			buildPhases = (
				6EB379EA25882EAC0001DE4F /* Sources */,
				6EB379EB25882EAC0001DE4F /* Frameworks */,
				6EB379EC25882EAC0001DE4F /* Resources */,
			);
			buildRules = (
			);
			dependencies = (
			);
			name = Enroute;
			productName = Enroute;
			productReference = 6EB379EE25882EAC0001DE4F /* Enroute.app */;
			productType = "com.apple.product-type.application";
		};
		6EB37A0625882EAF0001DE4F /* EnrouteTests */ = {
			isa = PBXNativeTarget;
			buildConfigurationList = 6EB37A1E25882EAF0001DE4F /* Build configuration list for PBXNativeTarget "EnrouteTests" */;
			buildPhases = (
				6EB37A0325882EAF0001DE4F /* Sources */,
				6EB37A0425882EAF0001DE4F /* Frameworks */,
				6EB37A0525882EAF0001DE4F /* Resources */,
			);
			buildRules = (
			);
			dependencies = (
				6EB37A0925882EAF0001DE4F /* PBXTargetDependency */,
			);
			name = EnrouteTests;
			productName = EnrouteTests;
			productReference = 6EB37A0725882EAF0001DE4F /* EnrouteTests.xctest */;
			productType = "com.apple.product-type.bundle.unit-test";
		};
		6EB37A1125882EAF0001DE4F /* EnrouteUITests */ = {
			isa = PBXNativeTarget;
			buildConfigurationList = 6EB37A2125882EAF0001DE4F /* Build configuration list for PBXNativeTarget "EnrouteUITests" */;
			buildPhases = (
				6EB37A0E25882EAF0001DE4F /* Sources */,
				6EB37A0F25882EAF0001DE4F /* Frameworks */,
				6EB37A1025882EAF0001DE4F /* Resources */,
			);
			buildRules = (
			);
			dependencies = (
				6EB37A1425882EAF0001DE4F /* PBXTargetDependency */,
			);
			name = EnrouteUITests;
			productName = EnrouteUITests;
			productReference = 6EB37A1225882EAF0001DE4F /* EnrouteUITests.xctest */;
			productType = "com.apple.product-type.bundle.ui-testing";
		};
/* End PBXNativeTarget section */

/* Begin PBXProject section */
		6EB379E625882EAC0001DE4F /* Project object */ = {
			isa = PBXProject;
			attributes = {
				LastSwiftUpdateCheck = 1220;
				LastUpgradeCheck = 1220;
				TargetAttributes = {
					6EB379ED25882EAC0001DE4F = {
						CreatedOnToolsVersion = 12.2;
					};
					6EB37A0625882EAF0001DE4F = {
						CreatedOnToolsVersion = 12.2;
						TestTargetID = 6EB379ED25882EAC0001DE4F;
					};
					6EB37A1125882EAF0001DE4F = {
						CreatedOnToolsVersion = 12.2;
						TestTargetID = 6EB379ED25882EAC0001DE4F;
					};
				};
			};
			buildConfigurationList = 6EB379E925882EAC0001DE4F /* Build configuration list for PBXProject "Enroute" */;
			compatibilityVersion = "Xcode 9.3";
			developmentRegion = en;
			hasScannedForEncodings = 0;
			knownRegions = (
				en,
				Base,
			);
			mainGroup = 6EB379E525882EAC0001DE4F;
			productRefGroup = 6EB379EF25882EAC0001DE4F /* Products */;
			projectDirPath = "";
			projectRoot = "";
			targets = (
				6EB379ED25882EAC0001DE4F /* Enroute */,
				6EB37A0625882EAF0001DE4F /* EnrouteTests */,
				6EB37A1125882EAF0001DE4F /* EnrouteUITests */,
			);
		};
/* End PBXProject section */

/* Begin PBXResourcesBuildPhase section */
		6EB379EC25882EAC0001DE4F /* Resources */ = {
			isa = PBXResourcesBuildPhase;
			buildActionMask = 2147483647;
			files = (
				6EB37A0125882EAE0001DE4F /* LaunchScreen.storyboard in Resources */,
				6EB379FE25882EAE0001DE4F /* Assets.xcassets in Resources */,
				6EB379F925882EAC0001DE4F /* Main.storyboard in Resources */,
			);
			runOnlyForDeploymentPostprocessing = 0;
		};
		6EB37A0525882EAF0001DE4F /* Resources */ = {
			isa = PBXResourcesBuildPhase;
			buildActionMask = 2147483647;
			files = (
			);
			runOnlyForDeploymentPostprocessing = 0;
		};
		6EB37A1025882EAF0001DE4F /* Resources */ = {
			isa = PBXResourcesBuildPhase;
			buildActionMask = 2147483647;
			files = (
			);
			runOnlyForDeploymentPostprocessing = 0;
		};
/* End PBXResourcesBuildPhase section */

/* Begin PBXSourcesBuildPhase section */
		6EB379EA25882EAC0001DE4F /* Sources */ = {
			isa = PBXSourcesBuildPhase;
			buildActionMask = 2147483647;
			files = (
				6EB379F625882EAC0001DE4F /* ViewController.swift in Sources */,
				6EB379F225882EAC0001DE4F /* AppDelegate.swift in Sources */,
				6EB379FC25882EAC0001DE4F /* Enroute.xcdatamodeld in Sources */,
				6EB379F425882EAC0001DE4F /* SceneDelegate.swift in Sources */,
				6EB37A2825882F520001DE4F /* FlightsEnrouteView.swift in Sources */,
			);
			runOnlyForDeploymentPostprocessing = 0;
		};
		6EB37A0325882EAF0001DE4F /* Sources */ = {
			isa = PBXSourcesBuildPhase;
			buildActionMask = 2147483647;
			files = (
				6EB37A0C25882EAF0001DE4F /* EnrouteTests.swift in Sources */,
			);
			runOnlyForDeploymentPostprocessing = 0;
		};
		6EB37A0E25882EAF0001DE4F /* Sources */ = {
			isa = PBXSourcesBuildPhase;
			buildActionMask = 2147483647;
			files = (
				6EB37A1725882EAF0001DE4F /* EnrouteUITests.swift in Sources */,
			);
			runOnlyForDeploymentPostprocessing = 0;
		};
/* End PBXSourcesBuildPhase section */

/* Begin PBXTargetDependency section */
		6EB37A0925882EAF0001DE4F /* PBXTargetDependency */ = {
			isa = PBXTargetDependency;
			target = 6EB379ED25882EAC0001DE4F /* Enroute */;
			targetProxy = 6EB37A0825882EAF0001DE4F /* PBXContainerItemProxy */;
		};
		6EB37A1425882EAF0001DE4F /* PBXTargetDependency */ = {
			isa = PBXTargetDependency;
			target = 6EB379ED25882EAC0001DE4F /* Enroute */;
			targetProxy = 6EB37A1325882EAF0001DE4F /* PBXContainerItemProxy */;
		};
/* End PBXTargetDependency section */

/* Begin PBXVariantGroup section */
		6EB379F725882EAC0001DE4F /* Main.storyboard */ = {
			isa = PBXVariantGroup;
			children = (
				6EB379F825882EAC0001DE4F /* Base */,
			);
			name = Main.storyboard;
			sourceTree = "<group>";
		};
		6EB379FF25882EAE0001DE4F /* LaunchScreen.storyboard */ = {
			isa = PBXVariantGroup;
			children = (
				6EB37A0025882EAE0001DE4F /* Base */,
			);
			name = LaunchScreen.storyboard;
			sourceTree = "<group>";
		};
/* End PBXVariantGroup section */

/* Begin XCBuildConfiguration section */
		6EB37A1925882EAF0001DE4F /* Debug */ = {
			isa = XCBuildConfiguration;
			buildSettings = {
				ALWAYS_SEARCH_USER_PATHS = NO;
				CLANG_ANALYZER_NONNULL = YES;
				CLANG_ANALYZER_NUMBER_OBJECT_CONVERSION = YES_AGGRESSIVE;
				CLANG_CXX_LANGUAGE_STANDARD = "gnu++14";
				CLANG_CXX_LIBRARY = "libc++";
				CLANG_ENABLE_MODULES = YES;
				CLANG_ENABLE_OBJC_ARC = YES;
				CLANG_ENABLE_OBJC_WEAK = YES;
				CLANG_WARN_BLOCK_CAPTURE_AUTORELEASING = YES;
				CLANG_WARN_BOOL_CONVERSION = YES;
				CLANG_WARN_COMMA = YES;
				CLANG_WARN_CONSTANT_CONVERSION = YES;
				CLANG_WARN_DEPRECATED_OBJC_IMPLEMENTATIONS = YES;
				CLANG_WARN_DIRECT_OBJC_ISA_USAGE = YES_ERROR;
				CLANG_WARN_DOCUMENTATION_COMMENTS = YES;
				CLANG_WARN_EMPTY_BODY = YES;
				CLANG_WARN_ENUM_CONVERSION = YES;
				CLANG_WARN_INFINITE_RECURSION = YES;
				CLANG_WARN_INT_CONVERSION = YES;
				CLANG_WARN_NON_LITERAL_NULL_CONVERSION = YES;
				CLANG_WARN_OBJC_IMPLICIT_RETAIN_SELF = YES;
				CLANG_WARN_OBJC_LITERAL_CONVERSION = YES;
				CLANG_WARN_OBJC_ROOT_CLASS = YES_ERROR;
				CLANG_WARN_QUOTED_INCLUDE_IN_FRAMEWORK_HEADER = YES;
				CLANG_WARN_RANGE_LOOP_ANALYSIS = YES;
				CLANG_WARN_STRICT_PROTOTYPES = YES;
				CLANG_WARN_SUSPICIOUS_MOVE = YES;
				CLANG_WARN_UNGUARDED_AVAILABILITY = YES_AGGRESSIVE;
				CLANG_WARN_UNREACHABLE_CODE = YES;
				CLANG_WARN__DUPLICATE_METHOD_MATCH = YES;
				COPY_PHASE_STRIP = NO;
				DEBUG_INFORMATION_FORMAT = dwarf;
				ENABLE_STRICT_OBJC_MSGSEND = YES;
				ENABLE_TESTABILITY = YES;
				GCC_C_LANGUAGE_STANDARD = gnu11;
				GCC_DYNAMIC_NO_PIC = NO;
				GCC_NO_COMMON_BLOCKS = YES;
				GCC_OPTIMIZATION_LEVEL = 0;
				GCC_PREPROCESSOR_DEFINITIONS = (
					"DEBUG=1",
					"$(inherited)",
				);
				GCC_WARN_64_TO_32_BIT_CONVERSION = YES;
				GCC_WARN_ABOUT_RETURN_TYPE = YES_ERROR;
				GCC_WARN_UNDECLARED_SELECTOR = YES;
				GCC_WARN_UNINITIALIZED_AUTOS = YES_AGGRESSIVE;
				GCC_WARN_UNUSED_FUNCTION = YES;
				GCC_WARN_UNUSED_VARIABLE = YES;
				IPHONEOS_DEPLOYMENT_TARGET = 14.2;
				MTL_ENABLE_DEBUG_INFO = INCLUDE_SOURCE;
				MTL_FAST_MATH = YES;
				ONLY_ACTIVE_ARCH = YES;
				SDKROOT = iphoneos;
				SWIFT_ACTIVE_COMPILATION_CONDITIONS = DEBUG;
				SWIFT_OPTIMIZATION_LEVEL = "-Onone";
			};
			name = Debug;
		};
		6EB37A1A25882EAF0001DE4F /* Release */ = {
			isa = XCBuildConfiguration;
			buildSettings = {
				ALWAYS_SEARCH_USER_PATHS = NO;
				CLANG_ANALYZER_NONNULL = YES;
				CLANG_ANALYZER_NUMBER_OBJECT_CONVERSION = YES_AGGRESSIVE;
				CLANG_CXX_LANGUAGE_STANDARD = "gnu++14";
				CLANG_CXX_LIBRARY = "libc++";
				CLANG_ENABLE_MODULES = YES;
				CLANG_ENABLE_OBJC_ARC = YES;
				CLANG_ENABLE_OBJC_WEAK = YES;
				CLANG_WARN_BLOCK_CAPTURE_AUTORELEASING = YES;
				CLANG_WARN_BOOL_CONVERSION = YES;
				CLANG_WARN_COMMA = YES;
				CLANG_WARN_CONSTANT_CONVERSION = YES;
				CLANG_WARN_DEPRECATED_OBJC_IMPLEMENTATIONS = YES;
				CLANG_WARN_DIRECT_OBJC_ISA_USAGE = YES_ERROR;
				CLANG_WARN_DOCUMENTATION_COMMENTS = YES;
				CLANG_WARN_EMPTY_BODY = YES;
				CLANG_WARN_ENUM_CONVERSION = YES;
				CLANG_WARN_INFINITE_RECURSION = YES;
				CLANG_WARN_INT_CONVERSION = YES;
				CLANG_WARN_NON_LITERAL_NULL_CONVERSION = YES;
				CLANG_WARN_OBJC_IMPLICIT_RETAIN_SELF = YES;
				CLANG_WARN_OBJC_LITERAL_CONVERSION = YES;
				CLANG_WARN_OBJC_ROOT_CLASS = YES_ERROR;
				CLANG_WARN_QUOTED_INCLUDE_IN_FRAMEWORK_HEADER = YES;
				CLANG_WARN_RANGE_LOOP_ANALYSIS = YES;
				CLANG_WARN_STRICT_PROTOTYPES = YES;
				CLANG_WARN_SUSPICIOUS_MOVE = YES;
				CLANG_WARN_UNGUARDED_AVAILABILITY = YES_AGGRESSIVE;
				CLANG_WARN_UNREACHABLE_CODE = YES;
				CLANG_WARN__DUPLICATE_METHOD_MATCH = YES;
				COPY_PHASE_STRIP = NO;
				DEBUG_INFORMATION_FORMAT = "dwarf-with-dsym";
				ENABLE_NS_ASSERTIONS = NO;
				ENABLE_STRICT_OBJC_MSGSEND = YES;
				GCC_C_LANGUAGE_STANDARD = gnu11;
				GCC_NO_COMMON_BLOCKS = YES;
				GCC_WARN_64_TO_32_BIT_CONVERSION = YES;
				GCC_WARN_ABOUT_RETURN_TYPE = YES_ERROR;
				GCC_WARN_UNDECLARED_SELECTOR = YES;
				GCC_WARN_UNINITIALIZED_AUTOS = YES_AGGRESSIVE;
				GCC_WARN_UNUSED_FUNCTION = YES;
				GCC_WARN_UNUSED_VARIABLE = YES;
				IPHONEOS_DEPLOYMENT_TARGET = 14.2;
				MTL_ENABLE_DEBUG_INFO = NO;
				MTL_FAST_MATH = YES;
				SDKROOT = iphoneos;
				SWIFT_COMPILATION_MODE = wholemodule;
				SWIFT_OPTIMIZATION_LEVEL = "-O";
				VALIDATE_PRODUCT = YES;
			};
			name = Release;
		};
		6EB37A1C25882EAF0001DE4F /* Debug */ = {
			isa = XCBuildConfiguration;
			buildSettings = {
				ASSETCATALOG_COMPILER_APPICON_NAME = AppIcon;
				ASSETCATALOG_COMPILER_GLOBAL_ACCENT_COLOR_NAME = AccentColor;
				CODE_SIGN_STYLE = Automatic;
				DEVELOPMENT_TEAM = 84VX9ZX5F9;
				INFOPLIST_FILE = Enroute/Info.plist;
				LD_RUNPATH_SEARCH_PATHS = (
					"$(inherited)",
					"@executable_path/Frameworks",
				);
				PRODUCT_BUNDLE_IDENTIFIER = org.erichou.Enroute;
				PRODUCT_NAME = "$(TARGET_NAME)";
				SWIFT_VERSION = 5.0;
				TARGETED_DEVICE_FAMILY = "1,2";
			};
			name = Debug;
		};
		6EB37A1D25882EAF0001DE4F /* Release */ = {
			isa = XCBuildConfiguration;
			buildSettings = {
				ASSETCATALOG_COMPILER_APPICON_NAME = AppIcon;
				ASSETCATALOG_COMPILER_GLOBAL_ACCENT_COLOR_NAME = AccentColor;
				CODE_SIGN_STYLE = Automatic;
				DEVELOPMENT_TEAM = 84VX9ZX5F9;
				INFOPLIST_FILE = Enroute/Info.plist;
				LD_RUNPATH_SEARCH_PATHS = (
					"$(inherited)",
					"@executable_path/Frameworks",
				);
				PRODUCT_BUNDLE_IDENTIFIER = org.erichou.Enroute;
				PRODUCT_NAME = "$(TARGET_NAME)";
				SWIFT_VERSION = 5.0;
				TARGETED_DEVICE_FAMILY = "1,2";
			};
			name = Release;
		};
		6EB37A1F25882EAF0001DE4F /* Debug */ = {
			isa = XCBuildConfiguration;
			buildSettings = {
				ALWAYS_EMBED_SWIFT_STANDARD_LIBRARIES = YES;
				BUNDLE_LOADER = "$(TEST_HOST)";
				CODE_SIGN_STYLE = Automatic;
				DEVELOPMENT_TEAM = 84VX9ZX5F9;
				INFOPLIST_FILE = EnrouteTests/Info.plist;
				IPHONEOS_DEPLOYMENT_TARGET = 14.2;
				LD_RUNPATH_SEARCH_PATHS = (
					"$(inherited)",
					"@executable_path/Frameworks",
					"@loader_path/Frameworks",
				);
				PRODUCT_BUNDLE_IDENTIFIER = org.erichou.EnrouteTests;
				PRODUCT_NAME = "$(TARGET_NAME)";
				SWIFT_VERSION = 5.0;
				TARGETED_DEVICE_FAMILY = "1,2";
				TEST_HOST = "$(BUILT_PRODUCTS_DIR)/Enroute.app/Enroute";
			};
			name = Debug;
		};
		6EB37A2025882EAF0001DE4F /* Release */ = {
			isa = XCBuildConfiguration;
			buildSettings = {
				ALWAYS_EMBED_SWIFT_STANDARD_LIBRARIES = YES;
				BUNDLE_LOADER = "$(TEST_HOST)";
				CODE_SIGN_STYLE = Automatic;
				DEVELOPMENT_TEAM = 84VX9ZX5F9;
				INFOPLIST_FILE = EnrouteTests/Info.plist;
				IPHONEOS_DEPLOYMENT_TARGET = 14.2;
				LD_RUNPATH_SEARCH_PATHS = (
					"$(inherited)",
					"@executable_path/Frameworks",
					"@loader_path/Frameworks",
				);
				PRODUCT_BUNDLE_IDENTIFIER = org.erichou.EnrouteTests;
				PRODUCT_NAME = "$(TARGET_NAME)";
				SWIFT_VERSION = 5.0;
				TARGETED_DEVICE_FAMILY = "1,2";
				TEST_HOST = "$(BUILT_PRODUCTS_DIR)/Enroute.app/Enroute";
			};
			name = Release;
		};
		6EB37A2225882EAF0001DE4F /* Debug */ = {
			isa = XCBuildConfiguration;
			buildSettings = {
				ALWAYS_EMBED_SWIFT_STANDARD_LIBRARIES = YES;
				CODE_SIGN_STYLE = Automatic;
				DEVELOPMENT_TEAM = 84VX9ZX5F9;
				INFOPLIST_FILE = EnrouteUITests/Info.plist;
				LD_RUNPATH_SEARCH_PATHS = (
					"$(inherited)",
					"@executable_path/Frameworks",
					"@loader_path/Frameworks",
				);
				PRODUCT_BUNDLE_IDENTIFIER = org.erichou.EnrouteUITests;
				PRODUCT_NAME = "$(TARGET_NAME)";
				SWIFT_VERSION = 5.0;
				TARGETED_DEVICE_FAMILY = "1,2";
				TEST_TARGET_NAME = Enroute;
			};
			name = Debug;
		};
		6EB37A2325882EAF0001DE4F /* Release */ = {
			isa = XCBuildConfiguration;
			buildSettings = {
				ALWAYS_EMBED_SWIFT_STANDARD_LIBRARIES = YES;
				CODE_SIGN_STYLE = Automatic;
				DEVELOPMENT_TEAM = 84VX9ZX5F9;
				INFOPLIST_FILE = EnrouteUITests/Info.plist;
				LD_RUNPATH_SEARCH_PATHS = (
					"$(inherited)",
					"@executable_path/Frameworks",
					"@loader_path/Frameworks",
				);
				PRODUCT_BUNDLE_IDENTIFIER = org.erichou.EnrouteUITests;
				PRODUCT_NAME = "$(TARGET_NAME)";
				SWIFT_VERSION = 5.0;
				TARGETED_DEVICE_FAMILY = "1,2";
				TEST_TARGET_NAME = Enroute;
			};
			name = Release;
		};
/* End XCBuildConfiguration section */

/* Begin XCConfigurationList section */
		6EB379E925882EAC0001DE4F /* Build configuration list for PBXProject "Enroute" */ = {
			isa = XCConfigurationList;
			buildConfigurations = (
				6EB37A1925882EAF0001DE4F /* Debug */,
				6EB37A1A25882EAF0001DE4F /* Release */,
			);
			defaultConfigurationIsVisible = 0;
			defaultConfigurationName = Release;
		};
		6EB37A1B25882EAF0001DE4F /* Build configuration list for PBXNativeTarget "Enroute" */ = {
			isa = XCConfigurationList;
			buildConfigurations = (
				6EB37A1C25882EAF0001DE4F /* Debug */,
				6EB37A1D25882EAF0001DE4F /* Release */,
			);
			defaultConfigurationIsVisible = 0;
			defaultConfigurationName = Release;
		};
		6EB37A1E25882EAF0001DE4F /* Build configuration list for PBXNativeTarget "EnrouteTests" */ = {
			isa = XCConfigurationList;
			buildConfigurations = (
				6EB37A1F25882EAF0001DE4F /* Debug */,
				6EB37A2025882EAF0001DE4F /* Release */,
			);
			defaultConfigurationIsVisible = 0;
			defaultConfigurationName = Release;
		};
		6EB37A2125882EAF0001DE4F /* Build configuration list for PBXNativeTarget "EnrouteUITests" */ = {
			isa = XCConfigurationList;
			buildConfigurations = (
				6EB37A2225882EAF0001DE4F /* Debug */,
				6EB37A2325882EAF0001DE4F /* Release */,
			);
			defaultConfigurationIsVisible = 0;
			defaultConfigurationName = Release;
		};
/* End XCConfigurationList section */

/* Begin XCVersionGroup section */
		6EB379FA25882EAC0001DE4F /* Enroute.xcdatamodeld */ = {
			isa = XCVersionGroup;
			children = (
				6EB379FB25882EAC0001DE4F /* Enroute.xcdatamodel */,
			);
			currentVersion = 6EB379FB25882EAC0001DE4F /* Enroute.xcdatamodel */;
			path = Enroute.xcdatamodeld;
			sourceTree = "<group>";
			versionGroupType = wrapper.xcdatamodel;
		};
/* End XCVersionGroup section */
	};
	rootObject = 6EB379E625882EAC0001DE4F /* Project object */;
}
